// !$*UTF8*$!
{
	archiveVersion = 1;
	classes = {
	};
	objectVersion = 46;
	objects = {

/* Begin PBXBuildFile section */
		3D2D2B5E1CE509BD007DFB55 /* AppDelegate.swift in Sources */ = {isa = PBXBuildFile; fileRef = 3D2D2B5D1CE509BD007DFB55 /* AppDelegate.swift */; };
		3D2D2B601CE509BD007DFB55 /* Assets.xcassets in Resources */ = {isa = PBXBuildFile; fileRef = 3D2D2B5F1CE509BD007DFB55 /* Assets.xcassets */; };
		3D2D2B631CE509BD007DFB55 /* MainMenu.xib in Resources */ = {isa = PBXBuildFile; fileRef = 3D2D2B611CE509BD007DFB55 /* MainMenu.xib */; };
/* End PBXBuildFile section */

/* Begin PBXFileReference section */
		3D2D2B5A1CE509BD007DFB55 /* DiskMon.app */ = {isa = PBXFileReference; explicitFileType = wrapper.application; includeInIndex = 0; path = DiskMon.app; sourceTree = BUILT_PRODUCTS_DIR; };
		3D2D2B5D1CE509BD007DFB55 /* AppDelegate.swift */ = {isa = PBXFileReference; lastKnownFileType = sourcecode.swift; path = AppDelegate.swift; sourceTree = "<group>"; };
		3D2D2B5F1CE509BD007DFB55 /* Assets.xcassets */ = {isa = PBXFileReference; lastKnownFileType = folder.assetcatalog; path = Assets.xcassets; sourceTree = "<group>"; };
		3D2D2B621CE509BD007DFB55 /* Base */ = {isa = PBXFileReference; lastKnownFileType = file.xib; name = Base; path = Base.lproj/MainMenu.xib; sourceTree = "<group>"; };
		3D2D2B641CE509BD007DFB55 /* Info.plist */ = {isa = PBXFileReference; lastKnownFileType = text.plist.xml; path = Info.plist; sourceTree = "<group>"; };
/* End PBXFileReference section */

/* Begin PBXFrameworksBuildPhase section */
		3D2D2B571CE509BD007DFB55 /* Frameworks */ = {
			isa = PBXFrameworksBuildPhase;
			buildActionMask = 2147483647;
			files = (
			);
			runOnlyForDeploymentPostprocessing = 0;
		};
/* End PBXFrameworksBuildPhase section */

/* Begin PBXGroup section */
		3D2D2B511CE509BD007DFB55 = {
			isa = PBXGroup;
			children = (
				3D2D2B5C1CE509BD007DFB55 /* DiskMon */,
				3D2D2B5B1CE509BD007DFB55 /* Products */,
			);
			sourceTree = "<group>";
		};
		3D2D2B5B1CE509BD007DFB55 /* Products */ = {
			isa = PBXGroup;
			children = (
				3D2D2B5A1CE509BD007DFB55 /* DiskMon.app */,
			);
			name = Products;
			sourceTree = "<group>";
		};
		3D2D2B5C1CE509BD007DFB55 /* DiskMon */ = {
			isa = PBXGroup;
			children = (
				3D2D2B5D1CE509BD007DFB55 /* AppDelegate.swift */,
				3D2D2B5F1CE509BD007DFB55 /* Assets.xcassets */,
				3D2D2B611CE509BD007DFB55 /* MainMenu.xib */,
				3D2D2B641CE509BD007DFB55 /* Info.plist */,
			);
			path = DiskMon;
			sourceTree = "<group>";
		};
/* End PBXGroup section */

/* Begin PBXNativeTarget section */
		3D2D2B591CE509BD007DFB55 /* DiskMon */ = {
			isa = PBXNativeTarget;
			buildConfigurationList = 3D2D2B671CE509BD007DFB55 /* Build configuration list for PBXNativeTarget "DiskMon" */;
			buildPhases = (
				3D2D2B561CE509BD007DFB55 /* Sources */,
				3D2D2B571CE509BD007DFB55 /* Frameworks */,
				3D2D2B581CE509BD007DFB55 /* Resources */,
			);
			buildRules = (
			);
			dependencies = (
			);
			name = DiskMon;
			productName = DiskMon;
			productReference = 3D2D2B5A1CE509BD007DFB55 /* DiskMon.app */;
			productType = "com.apple.product-type.application";
		};
/* End PBXNativeTarget section */

/* Begin PBXProject section */
		3D2D2B521CE509BD007DFB55 /* Project object */ = {
			isa = PBXProject;
			attributes = {
				LastSwiftUpdateCheck = 0730;
				LastUpgradeCheck = 0730;
				ORGANIZATIONNAME = "Rakesh Sinha";
				TargetAttributes = {
					3D2D2B591CE509BD007DFB55 = {
						CreatedOnToolsVersion = 7.3;
					};
				};
			};
			buildConfigurationList = 3D2D2B551CE509BD007DFB55 /* Build configuration list for PBXProject "DiskMon" */;
			compatibilityVersion = "Xcode 3.2";
			developmentRegion = English;
			hasScannedForEncodings = 0;
			knownRegions = (
				en,
				Base,
			);
			mainGroup = 3D2D2B511CE509BD007DFB55;
			productRefGroup = 3D2D2B5B1CE509BD007DFB55 /* Products */;
			projectDirPath = "";
			projectRoot = "";
			targets = (
				3D2D2B591CE509BD007DFB55 /* DiskMon */,
			);
		};
/* End PBXProject section */

/* Begin PBXResourcesBuildPhase section */
		3D2D2B581CE509BD007DFB55 /* Resources */ = {
			isa = PBXResourcesBuildPhase;
			buildActionMask = 2147483647;
			files = (
				3D2D2B601CE509BD007DFB55 /* Assets.xcassets in Resources */,
				3D2D2B631CE509BD007DFB55 /* MainMenu.xib in Resources */,
			);
			runOnlyForDeploymentPostprocessing = 0;
		};
/* End PBXResourcesBuildPhase section */

/* Begin PBXSourcesBuildPhase section */
		3D2D2B561CE509BD007DFB55 /* Sources */ = {
			isa = PBXSourcesBuildPhase;
			buildActionMask = 2147483647;
			files = (
				3D2D2B5E1CE509BD007DFB55 /* AppDelegate.swift in Sources */,
			);
			runOnlyForDeploymentPostprocessing = 0;
		};
/* End PBXSourcesBuildPhase section */

/* Begin PBXVariantGroup section */
		3D2D2B611CE509BD007DFB55 /* MainMenu.xib */ = {
			isa = PBXVariantGroup;
			children = (
				3D2D2B621CE509BD007DFB55 /* Base */,
			);
			name = MainMenu.xib;
			sourceTree = "<group>";
		};
/* End PBXVariantGroup section */

/* Begin XCBuildConfiguration section */
		3D2D2B651CE509BD007DFB55 /* Debug */ = {
			isa = XCBuildConfiguration;
			buildSettings = {
				ALWAYS_SEARCH_USER_PATHS = NO;
				CLANG_ANALYZER_NONNULL = YES;
				CLANG_CXX_LANGUAGE_STANDARD = "gnu++0x";
				CLANG_CXX_LIBRARY = "libc++";
				CLANG_ENABLE_MODULES = YES;
				CLANG_ENABLE_OBJC_ARC = YES;
				CLANG_WARN_BOOL_CONVERSION = YES;
				CLANG_WARN_CONSTANT_CONVERSION = YES;
				CLANG_WARN_DIRECT_OBJC_ISA_USAGE = YES_ERROR;
				CLANG_WARN_EMPTY_BODY = YES;
				CLANG_WARN_ENUM_CONVERSION = YES;
				CLANG_WARN_INT_CONVERSION = YES;
				CLANG_WARN_OBJC_ROOT_CLASS = YES_ERROR;
				CLANG_WARN_UNREACHABLE_CODE = YES;
				CLANG_WARN__DUPLICATE_METHOD_MATCH = YES;
				CODE_SIGN_IDENTITY = "-";
				COPY_PHASE_STRIP = NO;
				DEBUG_INFORMATION_FORMAT = dwarf;
				ENABLE_STRICT_OBJC_MSGSEND = YES;
				ENABLE_TESTABILITY = YES;
				GCC_C_LANGUAGE_STANDARD = gnu99;
				GCC_DYNAMIC_NO_PIC = NO;
				GCC_NO_COMMON_BLOCKS = YES;
				GCC_OPTIMIZATION_LEVEL = 0;
				GCC_PREPROCESSOR_DEFINITIONS = (
					"DEBUG=1",
					"$(inherited)",
				);
				GCC_WARN_64_TO_32_BIT_CONVERSION = YES;
				GCC_WARN_ABOUT_RETURN_TYPE = YES_ERROR;
				GCC_WARN_UNDECLARED_SELECTOR = YES;
				GCC_WARN_UNINITIALIZED_AUTOS = YES_AGGRESSIVE;
				GCC_WARN_UNUSED_FUNCTION = YES;
				GCC_WARN_UNUSED_VARIABLE = YES;
				MACOSX_DEPLOYMENT_TARGET = 10.11;
				MTL_ENABLE_DEBUG_INFO = YES;
				ONLY_ACTIVE_ARCH = YES;
				SDKROOT = macosx;
				SWIFT_OPTIMIZATION_LEVEL = "-Onone";
			};
			name = Debug;
		};
		3D2D2B661CE509BD007DFB55 /* Release */ = {
			isa = XCBuildConfiguration;
			buildSettings = {
				ALWAYS_SEARCH_USER_PATHS = NO;
				CLANG_ANALYZER_NONNULL = YES;
				CLANG_CXX_LANGUAGE_STANDARD = "gnu++0x";
				CLANG_CXX_LIBRARY = "libc++";
				CLANG_ENABLE_MODULES = YES;
				CLANG_ENABLE_OBJC_ARC = YES;
				CLANG_WARN_BOOL_CONVERSION = YES;
				CLANG_WARN_CONSTANT_CONVERSION = YES;
				CLANG_WARN_DIRECT_OBJC_ISA_USAGE = YES_ERROR;
				CLANG_WARN_EMPTY_BODY = YES;
				CLANG_WARN_ENUM_CONVERSION = YES;
				CLANG_WARN_INT_CONVERSION = YES;
				CLANG_WARN_OBJC_ROOT_CLASS = YES_ERROR;
				CLANG_WARN_UNREACHABLE_CODE = YES;
				CLANG_WARN__DUPLICATE_METHOD_MATCH = YES;
				CODE_SIGN_IDENTITY = "-";
				COPY_PHASE_STRIP = NO;
				DEBUG_INFORMATION_FORMAT = "dwarf-with-dsym";
				ENABLE_NS_ASSERTIONS = NO;
				ENABLE_STRICT_OBJC_MSGSEND = YES;
				GCC_C_LANGUAGE_STANDARD = gnu99;
				GCC_NO_COMMON_BLOCKS = YES;
				GCC_WARN_64_TO_32_BIT_CONVERSION = YES;
				GCC_WARN_ABOUT_RETURN_TYPE = YES_ERROR;
				GCC_WARN_UNDECLARED_SELECTOR = YES;
				GCC_WARN_UNINITIALIZED_AUTOS = YES_AGGRESSIVE;
				GCC_WARN_UNUSED_FUNCTION = YES;
				GCC_WARN_UNUSED_VARIABLE = YES;
				MACOSX_DEPLOYMENT_TARGET = 10.11;
				MTL_ENABLE_DEBUG_INFO = NO;
				SDKROOT = macosx;
			};
			name = Release;
		};
		3D2D2B681CE509BD007DFB55 /* Debug */ = {
			isa = XCBuildConfiguration;
			buildSettings = {
				ASSETCATALOG_COMPILER_APPICON_NAME = AppIcon;
				COMBINE_HIDPI_IMAGES = YES;
				INFOPLIST_FILE = DiskMon/Info.plist;
				LD_RUNPATH_SEARCH_PATHS = "$(inherited) @executable_path/../Frameworks";
				PRODUCT_BUNDLE_IDENTIFIER = com.discmon.DiskMon;
				PRODUCT_NAME = "$(TARGET_NAME)";
			};
			name = Debug;
		};
		3D2D2B691CE509BD007DFB55 /* Release */ = {
			isa = XCBuildConfiguration;
			buildSettings = {
				ASSETCATALOG_COMPILER_APPICON_NAME = AppIcon;
				COMBINE_HIDPI_IMAGES = YES;
				INFOPLIST_FILE = DiskMon/Info.plist;
				LD_RUNPATH_SEARCH_PATHS = "$(inherited) @executable_path/../Frameworks";
				PRODUCT_BUNDLE_IDENTIFIER = com.discmon.DiskMon;
				PRODUCT_NAME = "$(TARGET_NAME)";
			};
			name = Release;
		};
/* End XCBuildConfiguration section */

/* Begin XCConfigurationList section */
		3D2D2B551CE509BD007DFB55 /* Build configuration list for PBXProject "DiskMon" */ = {
			isa = XCConfigurationList;
			buildConfigurations = (
				3D2D2B651CE509BD007DFB55 /* Debug */,
				3D2D2B661CE509BD007DFB55 /* Release */,
			);
			defaultConfigurationIsVisible = 0;
			defaultConfigurationName = Release;
		};
		3D2D2B671CE509BD007DFB55 /* Build configuration list for PBXNativeTarget "DiskMon" */ = {
			isa = XCConfigurationList;
			buildConfigurations = (
				3D2D2B681CE509BD007DFB55 /* Debug */,
				3D2D2B691CE509BD007DFB55 /* Release */,
			);
			defaultConfigurationIsVisible = 0;
		};
/* End XCConfigurationList section */
	};
	rootObject = 3D2D2B521CE509BD007DFB55 /* Project object */;
}
